
Microsoft Visual Studio Solution File, Format Version 12.00
# Visual Studio Version 16
VisualStudioVersion = 16.0.30002.166
MinimumVisualStudioVersion = 10.0.40219.1
Project("{FAE04EC0-301F-11D3-BF4B-00C04F79EFBC}") = "AppNBAFreeAgency.Android", "AppNBAFreeAgency\AppNBAFreeAgency.Android\AppNBAFreeAgency.Android.csproj", "{55C32507-5C09-4E46-B181-9F481B681239}"
EndProject
Project("{FAE04EC0-301F-11D3-BF4B-00C04F79EFBC}") = "AppNBAFreeAgency", "AppNBAFreeAgency\AppNBAFreeAgency\AppNBAFreeAgency.csproj", "{3E5BCC3B-A7A2-4FA2-A819-610907BF280D}"
EndProject
Global
	GlobalSection(SolutionConfigurationPlatforms) = preSolution
		Debug|Any CPU = Debug|Any CPU
		Release|Any CPU = Release|Any CPU
	EndGlobalSection
	GlobalSection(ProjectConfigurationPlatforms) = postSolution
		{55C32507-5C09-4E46-B181-9F481B681239}.Debug|Any CPU.ActiveCfg = Debug|Any CPU
		{55C32507-5C09-4E46-B181-9F481B681239}.Debug|Any CPU.Build.0 = Debug|Any CPU
		{55C32507-5C09-4E46-B181-9F481B681239}.Debug|Any CPU.Deploy.0 = Debug|Any CPU
		{55C32507-5C09-4E46-B181-9F481B681239}.Release|Any CPU.ActiveCfg = Release|Any CPU
		{55C32507-5C09-4E46-B181-9F481B681239}.Release|Any CPU.Build.0 = Release|Any CPU
		{55C32507-5C09-4E46-B181-9F481B681239}.Release|Any CPU.Deploy.0 = Release|Any CPU
		{3E5BCC3B-A7A2-4FA2-A819-610907BF280D}.Debug|Any CPU.ActiveCfg = Debug|Any CPU
		{3E5BCC3B-A7A2-4FA2-A819-610907BF280D}.Debug|Any CPU.Build.0 = Debug|Any CPU
		{3E5BCC3B-A7A2-4FA2-A819-610907BF280D}.Debug|Any CPU.Deploy.0 = Debug|Any CPU
		{3E5BCC3B-A7A2-4FA2-A819-610907BF280D}.Release|Any CPU.ActiveCfg = Release|Any CPU
		{3E5BCC3B-A7A2-4FA2-A819-610907BF280D}.Release|Any CPU.Build.0 = Release|Any CPU
		{3E5BCC3B-A7A2-4FA2-A819-610907BF280D}.Release|Any CPU.Deploy.0 = Release|Any CPU
	EndGlobalSection
	GlobalSection(SolutionProperties) = preSolution
		HideSolutionNode = FALSE
	EndGlobalSection
	GlobalSection(ExtensibilityGlobals) = postSolution
		SolutionGuid = {123EC1CA-8467-46A3-A3DC-88827CDFD1FD}
	EndGlobalSection
EndGlobal
